
Microsoft Visual Studio Solution File, Format Version 12.00
# Visual Studio Version 16
VisualStudioVersion = 16.0.29613.14
MinimumVisualStudioVersion = 10.0.40219.1
Project("{FAE04EC0-301F-11D3-BF4B-00C04F79EFBC}") = "CoronaVirusTracking.API", "CoronaVirusTracking.API\CoronaVirusTracking.API.csproj", "{C186B72E-0144-4724-B2A5-9F4E4C2F59DD}"
EndProject
Global
	GlobalSection(SolutionConfigurationPlatforms) = preSolution
		Debug|Any CPU = Debug|Any CPU
		Release|Any CPU = Release|Any CPU
	EndGlobalSection
	GlobalSection(ProjectConfigurationPlatforms) = postSolution
		{C186B72E-0144-4724-B2A5-9F4E4C2F59DD}.Debug|Any CPU.ActiveCfg = Debug|Any CPU
		{C186B72E-0144-4724-B2A5-9F4E4C2F59DD}.Debug|Any CPU.Build.0 = Debug|Any CPU
		{C186B72E-0144-4724-B2A5-9F4E4C2F59DD}.Release|Any CPU.ActiveCfg = Release|Any CPU
		{C186B72E-0144-4724-B2A5-9F4E4C2F59DD}.Release|Any CPU.Build.0 = Release|Any CPU
	EndGlobalSection
	GlobalSection(SolutionProperties) = preSolution
		HideSolutionNode = FALSE
	EndGlobalSection
	GlobalSection(ExtensibilityGlobals) = postSolution
		SolutionGuid = {D6E0F853-60B4-4BAD-ADDB-1B168D346C5B}
	EndGlobalSection
EndGlobal
